
Microsoft Visual Studio Solution File, Format Version 12.00
# Visual Studio Version 17
VisualStudioVersion = 17.0.31903.59
MinimumVisualStudioVersion = 10.0.40219.1
Project("{2150E333-8FDC-42A3-9474-1A3956D46DE8}") = "src", "src", "{DEE5C67A-D1CC-40EA-B434-B6851E6BF5A5}"
EndProject
Project("{FAE04EC0-301F-11D3-BF4B-00C04F79EFBC}") = "AuctionService", "src\AuctionService\AuctionService.csproj", "{ACF9ED0A-E946-45EE-A05E-3E41EB311AB2}"
EndProject
Project("{FAE04EC0-301F-11D3-BF4B-00C04F79EFBC}") = "SearchService", "src\SearchService\SearchService.csproj", "{1E205B33-3D5D-40D6-B72E-4D6148E022CB}"
EndProject
Global
	GlobalSection(SolutionConfigurationPlatforms) = preSolution
		Debug|Any CPU = Debug|Any CPU
		Release|Any CPU = Release|Any CPU
	EndGlobalSection
	GlobalSection(SolutionProperties) = preSolution
		HideSolutionNode = FALSE
	EndGlobalSection
	GlobalSection(ProjectConfigurationPlatforms) = postSolution
		{ACF9ED0A-E946-45EE-A05E-3E41EB311AB2}.Debug|Any CPU.ActiveCfg = Debug|Any CPU
		{ACF9ED0A-E946-45EE-A05E-3E41EB311AB2}.Debug|Any CPU.Build.0 = Debug|Any CPU
		{ACF9ED0A-E946-45EE-A05E-3E41EB311AB2}.Release|Any CPU.ActiveCfg = Release|Any CPU
		{ACF9ED0A-E946-45EE-A05E-3E41EB311AB2}.Release|Any CPU.Build.0 = Release|Any CPU
		{1E205B33-3D5D-40D6-B72E-4D6148E022CB}.Debug|Any CPU.ActiveCfg = Debug|Any CPU
		{1E205B33-3D5D-40D6-B72E-4D6148E022CB}.Debug|Any CPU.Build.0 = Debug|Any CPU
		{1E205B33-3D5D-40D6-B72E-4D6148E022CB}.Release|Any CPU.ActiveCfg = Release|Any CPU
		{1E205B33-3D5D-40D6-B72E-4D6148E022CB}.Release|Any CPU.Build.0 = Release|Any CPU
	EndGlobalSection
	GlobalSection(NestedProjects) = preSolution
		{ACF9ED0A-E946-45EE-A05E-3E41EB311AB2} = {DEE5C67A-D1CC-40EA-B434-B6851E6BF5A5}
		{1E205B33-3D5D-40D6-B72E-4D6148E022CB} = {DEE5C67A-D1CC-40EA-B434-B6851E6BF5A5}
	EndGlobalSection
EndGlobal
