
Microsoft Visual Studio Solution File, Format Version 12.00
# Visual Studio Version 17
VisualStudioVersion = 17.0.31903.59
MinimumVisualStudioVersion = 10.0.40219.1
Project("{2150E333-8FDC-42A3-9474-1A3956D46DE8}") = "src", "src", "{DEE5C67A-D1CC-40EA-B434-B6851E6BF5A5}"
EndProject
Project("{FAE04EC0-301F-11D3-BF4B-00C04F79EFBC}") = "AuctionService", "src\AuctionService\AuctionService.csproj", "{ACF9ED0A-E946-45EE-A05E-3E41EB311AB2}"
EndProject
Project("{FAE04EC0-301F-11D3-BF4B-00C04F79EFBC}") = "SearchService", "src\SearchService\SearchService.csproj", "{1E205B33-3D5D-40D6-B72E-4D6148E022CB}"
EndProject
Project("{FAE04EC0-301F-11D3-BF4B-00C04F79EFBC}") = "Contracts", "src\Contracts\Contracts.csproj", "{5F257DD3-02F8-4B52-8AA6-30194FCD9D66}"
EndProject
Project("{FAE04EC0-301F-11D3-BF4B-00C04F79EFBC}") = "IdentityService", "src\IdentityService\IdentityService.csproj", "{7905ADFD-97A1-4FA1-8490-5FBD06BC7C03}"
EndProject
Project("{FAE04EC0-301F-11D3-BF4B-00C04F79EFBC}") = "GatewayService", "src\GatewayService\GatewayService.csproj", "{62EFE241-605C-4794-8FA0-3F0CD874BAA6}"
EndProject
Project("{2150E333-8FDC-42A3-9474-1A3956D46DE8}") = "tests", "tests", "{208B29A3-6A0C-4B35-B326-67E45784494D}"
EndProject

Global
	GlobalSection(SolutionConfigurationPlatforms) = preSolution
		Debug|Any CPU = Debug|Any CPU
		Release|Any CPU = Release|Any CPU
	EndGlobalSection
	GlobalSection(SolutionProperties) = preSolution
		HideSolutionNode = FALSE
	EndGlobalSection
	GlobalSection(ProjectConfigurationPlatforms) = postSolution
		{ACF9ED0A-E946-45EE-A05E-3E41EB311AB2}.Debug|Any CPU.ActiveCfg = Debug|Any CPU
		{ACF9ED0A-E946-45EE-A05E-3E41EB311AB2}.Debug|Any CPU.Build.0 = Debug|Any CPU
		{ACF9ED0A-E946-45EE-A05E-3E41EB311AB2}.Release|Any CPU.ActiveCfg = Release|Any CPU
		{ACF9ED0A-E946-45EE-A05E-3E41EB311AB2}.Release|Any CPU.Build.0 = Release|Any CPU
		{1E205B33-3D5D-40D6-B72E-4D6148E022CB}.Debug|Any CPU.ActiveCfg = Debug|Any CPU
		{1E205B33-3D5D-40D6-B72E-4D6148E022CB}.Debug|Any CPU.Build.0 = Debug|Any CPU
		{1E205B33-3D5D-40D6-B72E-4D6148E022CB}.Release|Any CPU.ActiveCfg = Release|Any CPU
		{1E205B33-3D5D-40D6-B72E-4D6148E022CB}.Release|Any CPU.Build.0 = Release|Any CPU
		{5F257DD3-02F8-4B52-8AA6-30194FCD9D66}.Debug|Any CPU.ActiveCfg = Debug|Any CPU
		{5F257DD3-02F8-4B52-8AA6-30194FCD9D66}.Debug|Any CPU.Build.0 = Debug|Any CPU
		{5F257DD3-02F8-4B52-8AA6-30194FCD9D66}.Release|Any CPU.ActiveCfg = Release|Any CPU
		{5F257DD3-02F8-4B52-8AA6-30194FCD9D66}.Release|Any CPU.Build.0 = Release|Any CPU
		{7905ADFD-97A1-4FA1-8490-5FBD06BC7C03}.Debug|Any CPU.ActiveCfg = Debug|Any CPU
		{7905ADFD-97A1-4FA1-8490-5FBD06BC7C03}.Debug|Any CPU.Build.0 = Debug|Any CPU
		{7905ADFD-97A1-4FA1-8490-5FBD06BC7C03}.Release|Any CPU.ActiveCfg = Release|Any CPU
		{7905ADFD-97A1-4FA1-8490-5FBD06BC7C03}.Release|Any CPU.Build.0 = Release|Any CPU
		{62EFE241-605C-4794-8FA0-3F0CD874BAA6}.Debug|Any CPU.ActiveCfg = Debug|Any CPU
		{62EFE241-605C-4794-8FA0-3F0CD874BAA6}.Debug|Any CPU.Build.0 = Debug|Any CPU
		{62EFE241-605C-4794-8FA0-3F0CD874BAA6}.Release|Any CPU.ActiveCfg = Release|Any CPU
		{62EFE241-605C-4794-8FA0-3F0CD874BAA6}.Release|Any CPU.Build.0 = Release|Any CPU
		{66B500DA-3F1B-4145-89FD-9E8877618E85}.Debug|Any CPU.ActiveCfg = Debug|Any CPU
		{66B500DA-3F1B-4145-89FD-9E8877618E85}.Debug|Any CPU.Build.0 = Debug|Any CPU
		{66B500DA-3F1B-4145-89FD-9E8877618E85}.Release|Any CPU.ActiveCfg = Release|Any CPU
		{66B500DA-3F1B-4145-89FD-9E8877618E85}.Release|Any CPU.Build.0 = Release|Any CPU
	EndGlobalSection
	GlobalSection(NestedProjects) = preSolution
		{ACF9ED0A-E946-45EE-A05E-3E41EB311AB2} = {DEE5C67A-D1CC-40EA-B434-B6851E6BF5A5}
		{1E205B33-3D5D-40D6-B72E-4D6148E022CB} = {DEE5C67A-D1CC-40EA-B434-B6851E6BF5A5}
		{5F257DD3-02F8-4B52-8AA6-30194FCD9D66} = {DEE5C67A-D1CC-40EA-B434-B6851E6BF5A5}
		{7905ADFD-97A1-4FA1-8490-5FBD06BC7C03} = {DEE5C67A-D1CC-40EA-B434-B6851E6BF5A5}
		{62EFE241-605C-4794-8FA0-3F0CD874BAA6} = {DEE5C67A-D1CC-40EA-B434-B6851E6BF5A5}
	EndGlobalSection
EndGlobal
